# This file is automatically @generated by Poetry and should not be changed manually.

[[package]]
name = "requests"
version = "2.25.1"
description = "Python HTTP for Humans."

[package.dependencies]
certifi = ">=2017.4.17"
chardet = ">=3.0.2,<5"
idna = ">=2.5,<3"
urllib3 = ">=1.21.1,<1.27"

[[package]]
name = "pandas"
version = "2.0.0"
description = "Powerful data structures for data analysis"

[package.dependencies]
numpy = ">=1.23.0"
python-dateutil = ">=2.8.2"
pytz = ">=2020.1"
tzdata = ">=2022.1"

[[package]]
name = "numpy"
version = "1.24.3"
description = "NumPy is the fundamental package for scientific computing"

[[package]]
name = "plotly"
version = "5.15.0"
description = "An open-source, interactive data visualization library"

[package.dependencies]
tenacity = ">=6.2.0"
packaging = "*"

[[package]]
name = "fastapi"
version = "0.95.2"
description = "FastAPI framework"

[package.dependencies]
starlette = ">=0.26.1,<0.28.0"
pydantic = ">=1.6.2,!=1.7,!=1.7.1,!=1.7.2,!=1.7.3,!=1.8,!=1.8.1"

[[package]]
name = "certifi"
version = "2023.7.22"
description = "Python package for providing Mozilla's CA Bundle"

[[package]]
name = "chardet"
version = "4.0.0"
description = "Universal encoding detector"

[[package]]
name = "idna"
version = "2.10"
description = "Internationalized Domain Names in Applications"

[[package]]
name = "urllib3"
version = "1.26.18"
description = "HTTP library with thread-safe connection pooling"

[[package]]
name = "python-dateutil"
version = "2.8.2"
description = "Extensions to the standard Python datetime module"

[[package]]
name = "pytz"
version = "2023.3"
description = "World timezone definitions"

[[package]]
name = "tzdata"
version = "2023.3"
description = "Provider of IANA time zone data"

[[package]]
name = "tenacity"
version = "8.2.3"
description = "Retry code until it succeeds"

[[package]]
name = "packaging"
version = "23.1"
description = "Core utilities for Python packages"

[[package]]
name = "starlette"
version = "0.27.0"
description = "The little ASGI library that shines"

[[package]]
name = "pydantic"
version = "2.1.1"
description = "Data validation using Python type hints"

[metadata]
lock-version = "2.0"
python-versions = "^3.11"
