# This file is automatically @generated by Poetry and should not be changed manually.

[[package]]
name = "requests"
version = "2.28.0"
description = "Python HTTP for Humans."

[package.dependencies]
certifi = ">=2017.4.17"
charset-normalizer = ">=2,<3"
idna = ">=2.5,<4"
urllib3 = ">=1.21.1,<1.27"

[[package]]
name = "pyjwt"
version = "2.6.0"
description = "JSON Web Token implementation in Python"

[[package]]
name = "fastapi"
version = "0.100.1"
description = "FastAPI framework"

[package.dependencies]
starlette = ">=0.27.0,<0.28.0"
pydantic = ">=1.7.4,!=1.8,!=1.8.1"

[[package]]
name = "passlib"
version = "1.7.4"
description = "comprehensive password hashing framework"

[package.dependencies]
bcrypt = ">=3.1.0"

[[package]]
name = "bcrypt"
version = "4.0.1"
description = "Modern password hashing"

[[package]]
name = "certifi"
version = "2023.7.22"
description = "Python package for providing Mozilla's CA Bundle"

[[package]]
name = "charset-normalizer"
version = "2.1.1"
description = "The Real First Universal Charset Detector"

[[package]]
name = "idna"
version = "3.4"
description = "Internationalized Domain Names in Applications"

[[package]]
name = "urllib3"
version = "1.26.18"
description = "HTTP library with thread-safe connection pooling"

[[package]]
name = "starlette"
version = "0.27.0"
description = "The little ASGI library that shines"

[[package]]
name = "pydantic"
version = "2.1.1"
description = "Data validation using Python type hints"

[metadata]
lock-version = "2.0"
python-versions = "^3.11"
